// !$*UTF8*$!
{
	archiveVersion = 1;
	classes = {
	};
	objectVersion = 46;
	objects = {

/* Begin PBXBuildFile section */
		D900107E1AAEBEDB003D7C4B /* MediaPlayer.framework in Frameworks */ = {isa = PBXBuildFile; fileRef = D900107D1AAEBEDB003D7C4B /* MediaPlayer.framework */; };
		D9190EDB1AB024B700EBAC9B /* IndexTableController.swift in Sources */ = {isa = PBXBuildFile; fileRef = D9190EDA1AB024B700EBAC9B /* IndexTableController.swift */; };
		D9190EDD1AB0253300EBAC9B /* AuthorCell.swift in Sources */ = {isa = PBXBuildFile; fileRef = D9190EDC1AB0253300EBAC9B /* AuthorCell.swift */; };
		D9190EDF1AB0570900EBAC9B /* GoogleMobileAds.framework in Frameworks */ = {isa = PBXBuildFile; fileRef = D9190EDE1AB0570900EBAC9B /* GoogleMobileAds.framework */; };
		D9190EE11AB0572400EBAC9B /* StoreKit.framework in Frameworks */ = {isa = PBXBuildFile; fileRef = D9190EE01AB0572400EBAC9B /* StoreKit.framework */; };
		D9190EE31AB0572D00EBAC9B /* MessageUI.framework in Frameworks */ = {isa = PBXBuildFile; fileRef = D9190EE21AB0572D00EBAC9B /* MessageUI.framework */; };
		D9190EE61AB0573800EBAC9B /* EventKit.framework in Frameworks */ = {isa = PBXBuildFile; fileRef = D9190EE41AB0573800EBAC9B /* EventKit.framework */; };
		D9190EE71AB0573800EBAC9B /* EventKitUI.framework in Frameworks */ = {isa = PBXBuildFile; fileRef = D9190EE51AB0573800EBAC9B /* EventKitUI.framework */; };
		D9190EE91AB0574600EBAC9B /* CoreTelephony.framework in Frameworks */ = {isa = PBXBuildFile; fileRef = D9190EE81AB0574600EBAC9B /* CoreTelephony.framework */; };
		D9190EEB1AB0576A00EBAC9B /* libsqlite3.dylib in Frameworks */ = {isa = PBXBuildFile; fileRef = D9190EEA1AB0576A00EBAC9B /* libsqlite3.dylib */; };
		D9190EED1AB0577A00EBAC9B /* SystemConfiguration.framework in Frameworks */ = {isa = PBXBuildFile; fileRef = D9190EEC1AB0577A00EBAC9B /* SystemConfiguration.framework */; };
		D9190EEF1AB057C400EBAC9B /* CFNetwork.framework in Frameworks */ = {isa = PBXBuildFile; fileRef = D9190EEE1AB057C400EBAC9B /* CFNetwork.framework */; };
		D9190EF11AB057CB00EBAC9B /* AdSupport.framework in Frameworks */ = {isa = PBXBuildFile; fileRef = D9190EF01AB057CB00EBAC9B /* AdSupport.framework */; };
		D951B5411AAED4C20068CBEA /* UIKit.framework in Frameworks */ = {isa = PBXBuildFile; fileRef = D951B5401AAED4C20068CBEA /* UIKit.framework */; };
		D951B5431AAED4CC0068CBEA /* Foundation.framework in Frameworks */ = {isa = PBXBuildFile; fileRef = D951B5421AAED4CC0068CBEA /* Foundation.framework */; };
		D951B5F81AAEE1450068CBEA /* AVFoundation.framework in Frameworks */ = {isa = PBXBuildFile; fileRef = D951B5F71AAEE1450068CBEA /* AVFoundation.framework */; };
		D951B63F1AAF0ADF0068CBEA /* avplayer.bundle in Resources */ = {isa = PBXBuildFile; fileRef = D951B62B1AAF0ADF0068CBEA /* avplayer.bundle */; };
		D951B6411AAF0ADF0068CBEA /* libcrypto.a in Frameworks */ = {isa = PBXBuildFile; fileRef = D951B6301AAF0ADF0068CBEA /* libcrypto.a */; };
		D951B6421AAF0ADF0068CBEA /* libssl.a in Frameworks */ = {isa = PBXBuildFile; fileRef = D951B6311AAF0ADF0068CBEA /* libssl.a */; };
		D951B6451AAF0AE00068CBEA /* test.ass in Resources */ = {isa = PBXBuildFile; fileRef = D951B6351AAF0ADF0068CBEA /* test.ass */; };
		D951B6461AAF0AE00068CBEA /* test.SMI in Resources */ = {isa = PBXBuildFile; fileRef = D951B6361AAF0ADF0068CBEA /* test.SMI */; };
		D951B6471AAF0AE00068CBEA /* test.srt in Resources */ = {isa = PBXBuildFile; fileRef = D951B6371AAF0ADF0068CBEA /* test.srt */; };
		D951B6481AAF0AE00068CBEA /* trail.AVPTFramework.framework in Frameworks */ = {isa = PBXBuildFile; fileRef = D951B6381AAF0ADF0068CBEA /* trail.AVPTFramework.framework */; };
		D951B64D1AAF0BBF0068CBEA /* libiconv.dylib in Frameworks */ = {isa = PBXBuildFile; fileRef = D951B64C1AAF0BBF0068CBEA /* libiconv.dylib */; };
		D951B64F1AAF0BC70068CBEA /* libz.dylib in Frameworks */ = {isa = PBXBuildFile; fileRef = D951B64E1AAF0BC70068CBEA /* libz.dylib */; };
		D951B6521AB00C7A0068CBEA /* IndexCell.swift in Sources */ = {isa = PBXBuildFile; fileRef = D951B6511AB00C7A0068CBEA /* IndexCell.swift */; };
		D951B6871AB014CA0068CBEA /* AdjustSpeedView.m in Sources */ = {isa = PBXBuildFile; fileRef = D951B6671AB014CA0068CBEA /* AdjustSpeedView.m */; };
		D951B6881AB014CA0068CBEA /* avplayer.bundle in Resources */ = {isa = PBXBuildFile; fileRef = D951B6681AB014CA0068CBEA /* avplayer.bundle */; };
		D951B6891AB014CA0068CBEA /* MovieInfosViewController.mm in Sources */ = {isa = PBXBuildFile; fileRef = D951B66A1AB014CA0068CBEA /* MovieInfosViewController.mm */; };
		D951B68A1AB014CA0068CBEA /* libcrypto.a in Frameworks */ = {isa = PBXBuildFile; fileRef = D951B66D1AB014CA0068CBEA /* libcrypto.a */; };
		D951B68B1AB014CA0068CBEA /* libssl.a in Frameworks */ = {isa = PBXBuildFile; fileRef = D951B66E1AB014CA0068CBEA /* libssl.a */; };
		D951B68C1AB014CA0068CBEA /* PlaybackSpeedView.xib in Resources */ = {isa = PBXBuildFile; fileRef = D951B66F1AB014CA0068CBEA /* PlaybackSpeedView.xib */; };
		D951B68D1AB014CA0068CBEA /* PlayerViewController.m in Sources */ = {isa = PBXBuildFile; fileRef = D951B6711AB014CA0068CBEA /* PlayerViewController.m */; };
		D951B68E1AB014CA0068CBEA /* test.ass in Resources */ = {isa = PBXBuildFile; fileRef = D951B6721AB014CA0068CBEA /* test.ass */; };
		D951B68F1AB014CA0068CBEA /* test.SMI in Resources */ = {isa = PBXBuildFile; fileRef = D951B6731AB014CA0068CBEA /* test.SMI */; };
		D951B6901AB014CA0068CBEA /* test.srt in Resources */ = {isa = PBXBuildFile; fileRef = D951B6741AB014CA0068CBEA /* test.srt */; };
		D951B6911AB014CA0068CBEA /* trail.AVPTFramework.framework in Frameworks */ = {isa = PBXBuildFile; fileRef = D951B6751AB014CA0068CBEA /* trail.AVPTFramework.framework */; };
		D951B6921AB014CA0068CBEA /* UIAlertView+Blocks.m in Sources */ = {isa = PBXBuildFile; fileRef = D951B6771AB014CA0068CBEA /* UIAlertView+Blocks.m */; };
		D951B6931AB014CA0068CBEA /* VideoEffectView.m in Sources */ = {isa = PBXBuildFile; fileRef = D951B6791AB014CA0068CBEA /* VideoEffectView.m */; };
		D951B6941AB014CA0068CBEA /* VideoEffectView.xib in Resources */ = {isa = PBXBuildFile; fileRef = D951B67A1AB014CA0068CBEA /* VideoEffectView.xib */; };
		D9AAC2081AADBE440003053B /* AppDelegate.swift in Sources */ = {isa = PBXBuildFile; fileRef = D9AAC2071AADBE440003053B /* AppDelegate.swift */; };
		D9AAC20A1AADBE440003053B /* ViewController.swift in Sources */ = {isa = PBXBuildFile; fileRef = D9AAC2091AADBE440003053B /* ViewController.swift */; };
		D9AAC20D1AADBE440003053B /* Main.storyboard in Resources */ = {isa = PBXBuildFile; fileRef = D9AAC20B1AADBE440003053B /* Main.storyboard */; };
		D9AAC20F1AADBE440003053B /* Images.xcassets in Resources */ = {isa = PBXBuildFile; fileRef = D9AAC20E1AADBE440003053B /* Images.xcassets */; };
		D9AAC2121AADBE440003053B /* LaunchScreen.xib in Resources */ = {isa = PBXBuildFile; fileRef = D9AAC2101AADBE440003053B /* LaunchScreen.xib */; };
		D9AAC21E1AADBE440003053B /* FSKTests.swift in Sources */ = {isa = PBXBuildFile; fileRef = D9AAC21D1AADBE440003053B /* FSKTests.swift */; };
		D9AAC2291AAE9A8C0003053B /* ResourceParser.swift in Sources */ = {isa = PBXBuildFile; fileRef = D9AAC2281AAE9A8C0003053B /* ResourceParser.swift */; };
		FF21FB8DC5627477FFA08AD9 /* libPods-FSK.a in Frameworks */ = {isa = PBXBuildFile; fileRef = DBF127763075F314F1943D2A /* libPods-FSK.a */; };
/* End PBXBuildFile section */

/* Begin PBXContainerItemProxy section */
		D9AAC2181AADBE440003053B /* PBXContainerItemProxy */ = {
			isa = PBXContainerItemProxy;
			containerPortal = D9AAC1FA1AADBE440003053B /* Project object */;
			proxyType = 1;
			remoteGlobalIDString = D9AAC2011AADBE440003053B;
			remoteInfo = FSK;
		};
/* End PBXContainerItemProxy section */

/* Begin PBXFileReference section */
		9E8A03037DC0D3CF784FA862 /* Pods-FSK.debug.xcconfig */ = {isa = PBXFileReference; includeInIndex = 1; lastKnownFileType = text.xcconfig; name = "Pods-FSK.debug.xcconfig"; path = "Pods/Target Support Files/Pods-FSK/Pods-FSK.debug.xcconfig"; sourceTree = "<group>"; };
		D900107D1AAEBEDB003D7C4B /* MediaPlayer.framework */ = {isa = PBXFileReference; lastKnownFileType = wrapper.framework; name = MediaPlayer.framework; path = System/Library/Frameworks/MediaPlayer.framework; sourceTree = SDKROOT; };
		D9190EDA1AB024B700EBAC9B /* IndexTableController.swift */ = {isa = PBXFileReference; fileEncoding = 4; lastKnownFileType = sourcecode.swift; path = IndexTableController.swift; sourceTree = "<group>"; };
		D9190EDC1AB0253300EBAC9B /* AuthorCell.swift */ = {isa = PBXFileReference; fileEncoding = 4; lastKnownFileType = sourcecode.swift; path = AuthorCell.swift; sourceTree = "<group>"; };
		D9190EDE1AB0570900EBAC9B /* GoogleMobileAds.framework */ = {isa = PBXFileReference; lastKnownFileType = wrapper.framework; name = GoogleMobileAds.framework; path = FSK/Library/GoogleMobileAds.framework; sourceTree = "<group>"; };
		D9190EE01AB0572400EBAC9B /* StoreKit.framework */ = {isa = PBXFileReference; lastKnownFileType = wrapper.framework; name = StoreKit.framework; path = System/Library/Frameworks/StoreKit.framework; sourceTree = SDKROOT; };
		D9190EE21AB0572D00EBAC9B /* MessageUI.framework */ = {isa = PBXFileReference; lastKnownFileType = wrapper.framework; name = MessageUI.framework; path = System/Library/Frameworks/MessageUI.framework; sourceTree = SDKROOT; };
		D9190EE41AB0573800EBAC9B /* EventKit.framework */ = {isa = PBXFileReference; lastKnownFileType = wrapper.framework; name = EventKit.framework; path = System/Library/Frameworks/EventKit.framework; sourceTree = SDKROOT; };
		D9190EE51AB0573800EBAC9B /* EventKitUI.framework */ = {isa = PBXFileReference; lastKnownFileType = wrapper.framework; name = EventKitUI.framework; path = System/Library/Frameworks/EventKitUI.framework; sourceTree = SDKROOT; };
		D9190EE81AB0574600EBAC9B /* CoreTelephony.framework */ = {isa = PBXFileReference; lastKnownFileType = wrapper.framework; name = CoreTelephony.framework; path = System/Library/Frameworks/CoreTelephony.framework; sourceTree = SDKROOT; };
		D9190EEA1AB0576A00EBAC9B /* libsqlite3.dylib */ = {isa = PBXFileReference; lastKnownFileType = "compiled.mach-o.dylib"; name = libsqlite3.dylib; path = usr/lib/libsqlite3.dylib; sourceTree = SDKROOT; };
		D9190EEC1AB0577A00EBAC9B /* SystemConfiguration.framework */ = {isa = PBXFileReference; lastKnownFileType = wrapper.framework; name = SystemConfiguration.framework; path = System/Library/Frameworks/SystemConfiguration.framework; sourceTree = SDKROOT; };
		D9190EEE1AB057C400EBAC9B /* CFNetwork.framework */ = {isa = PBXFileReference; lastKnownFileType = wrapper.framework; name = CFNetwork.framework; path = System/Library/Frameworks/CFNetwork.framework; sourceTree = SDKROOT; };
		D9190EF01AB057CB00EBAC9B /* AdSupport.framework */ = {isa = PBXFileReference; lastKnownFileType = wrapper.framework; name = AdSupport.framework; path = System/Library/Frameworks/AdSupport.framework; sourceTree = SDKROOT; };
		D951B5401AAED4C20068CBEA /* UIKit.framework */ = {isa = PBXFileReference; lastKnownFileType = wrapper.framework; name = UIKit.framework; path = System/Library/Frameworks/UIKit.framework; sourceTree = SDKROOT; };
		D951B5421AAED4CC0068CBEA /* Foundation.framework */ = {isa = PBXFileReference; lastKnownFileType = wrapper.framework; name = Foundation.framework; path = System/Library/Frameworks/Foundation.framework; sourceTree = SDKROOT; };
		D951B5F71AAEE1450068CBEA /* AVFoundation.framework */ = {isa = PBXFileReference; lastKnownFileType = wrapper.framework; name = AVFoundation.framework; path = System/Library/Frameworks/AVFoundation.framework; sourceTree = SDKROOT; };
		D951B62B1AAF0ADF0068CBEA /* avplayer.bundle */ = {isa = PBXFileReference; lastKnownFileType = "wrapper.plug-in"; name = avplayer.bundle; path = Library/VideoPlayer/avplayer.bundle; sourceTree = "<group>"; };
		D951B6301AAF0ADF0068CBEA /* libcrypto.a */ = {isa = PBXFileReference; lastKnownFileType = archive.ar; name = libcrypto.a; path = FSK/Library/VideoPlayer/openssl/lib/libcrypto.a; sourceTree = "<group>"; };
		D951B6311AAF0ADF0068CBEA /* libssl.a */ = {isa = PBXFileReference; lastKnownFileType = archive.ar; name = libssl.a; path = FSK/Library/VideoPlayer/openssl/lib/libssl.a; sourceTree = "<group>"; };
		D951B6351AAF0ADF0068CBEA /* test.ass */ = {isa = PBXFileReference; fileEncoding = 4; lastKnownFileType = text; name = test.ass; path = Library/VideoPlayer/test.ass; sourceTree = "<group>"; };
		D951B6361AAF0ADF0068CBEA /* test.SMI */ = {isa = PBXFileReference; fileEncoding = 4; lastKnownFileType = text; name = test.SMI; path = Library/VideoPlayer/test.SMI; sourceTree = "<group>"; };
		D951B6371AAF0ADF0068CBEA /* test.srt */ = {isa = PBXFileReference; fileEncoding = 4; lastKnownFileType = text; name = test.srt; path = Library/VideoPlayer/test.srt; sourceTree = "<group>"; };
		D951B6381AAF0ADF0068CBEA /* trail.AVPTFramework.framework */ = {isa = PBXFileReference; lastKnownFileType = wrapper.framework; name = trail.AVPTFramework.framework; path = FSK/Library/VideoPlayer/trail.AVPTFramework.framework; sourceTree = "<group>"; };
		D951B64C1AAF0BBF0068CBEA /* libiconv.dylib */ = {isa = PBXFileReference; lastKnownFileType = "compiled.mach-o.dylib"; name = libiconv.dylib; path = usr/lib/libiconv.dylib; sourceTree = SDKROOT; };
		D951B64E1AAF0BC70068CBEA /* libz.dylib */ = {isa = PBXFileReference; lastKnownFileType = "compiled.mach-o.dylib"; name = libz.dylib; path = usr/lib/libz.dylib; sourceTree = SDKROOT; };
		D951B6511AB00C7A0068CBEA /* IndexCell.swift */ = {isa = PBXFileReference; fileEncoding = 4; lastKnownFileType = sourcecode.swift; path = IndexCell.swift; sourceTree = "<group>"; };
		D951B6661AB014CA0068CBEA /* AdjustSpeedView.h */ = {isa = PBXFileReference; fileEncoding = 4; lastKnownFileType = sourcecode.c.h; path = AdjustSpeedView.h; sourceTree = "<group>"; };
		D951B6671AB014CA0068CBEA /* AdjustSpeedView.m */ = {isa = PBXFileReference; fileEncoding = 4; lastKnownFileType = sourcecode.c.objc; path = AdjustSpeedView.m; sourceTree = "<group>"; };
		D951B6681AB014CA0068CBEA /* avplayer.bundle */ = {isa = PBXFileReference; lastKnownFileType = "wrapper.plug-in"; path = avplayer.bundle; sourceTree = "<group>"; };
		D951B6691AB014CA0068CBEA /* MovieInfosViewController.h */ = {isa = PBXFileReference; fileEncoding = 4; lastKnownFileType = sourcecode.c.h; path = MovieInfosViewController.h; sourceTree = "<group>"; };
		D951B66A1AB014CA0068CBEA /* MovieInfosViewController.mm */ = {isa = PBXFileReference; fileEncoding = 4; lastKnownFileType = sourcecode.cpp.objcpp; path = MovieInfosViewController.mm; sourceTree = "<group>"; };
		D951B66D1AB014CA0068CBEA /* libcrypto.a */ = {isa = PBXFileReference; lastKnownFileType = archive.ar; path = libcrypto.a; sourceTree = "<group>"; };
		D951B66E1AB014CA0068CBEA /* libssl.a */ = {isa = PBXFileReference; lastKnownFileType = archive.ar; path = libssl.a; sourceTree = "<group>"; };
		D951B66F1AB014CA0068CBEA /* PlaybackSpeedView.xib */ = {isa = PBXFileReference; fileEncoding = 4; lastKnownFileType = file.xib; path = PlaybackSpeedView.xib; sourceTree = "<group>"; };
		D951B6701AB014CA0068CBEA /* PlayerViewController.h */ = {isa = PBXFileReference; fileEncoding = 4; lastKnownFileType = sourcecode.c.h; path = PlayerViewController.h; sourceTree = "<group>"; };
		D951B6711AB014CA0068CBEA /* PlayerViewController.m */ = {isa = PBXFileReference; fileEncoding = 4; lastKnownFileType = sourcecode.c.objc; path = PlayerViewController.m; sourceTree = "<group>"; };
		D951B6721AB014CA0068CBEA /* test.ass */ = {isa = PBXFileReference; fileEncoding = 4; lastKnownFileType = text; path = test.ass; sourceTree = "<group>"; };
		D951B6731AB014CA0068CBEA /* test.SMI */ = {isa = PBXFileReference; fileEncoding = 4; lastKnownFileType = text; path = test.SMI; sourceTree = "<group>"; };
		D951B6741AB014CA0068CBEA /* test.srt */ = {isa = PBXFileReference; fileEncoding = 4; lastKnownFileType = text; path = test.srt; sourceTree = "<group>"; };
		D951B6751AB014CA0068CBEA /* trail.AVPTFramework.framework */ = {isa = PBXFileReference; lastKnownFileType = wrapper.framework; path = trail.AVPTFramework.framework; sourceTree = "<group>"; };
		D951B6761AB014CA0068CBEA /* UIAlertView+Blocks.h */ = {isa = PBXFileReference; fileEncoding = 4; lastKnownFileType = sourcecode.c.h; path = "UIAlertView+Blocks.h"; sourceTree = "<group>"; };
		D951B6771AB014CA0068CBEA /* UIAlertView+Blocks.m */ = {isa = PBXFileReference; fileEncoding = 4; lastKnownFileType = sourcecode.c.objc; path = "UIAlertView+Blocks.m"; sourceTree = "<group>"; };
		D951B6781AB014CA0068CBEA /* VideoEffectView.h */ = {isa = PBXFileReference; fileEncoding = 4; lastKnownFileType = sourcecode.c.h; path = VideoEffectView.h; sourceTree = "<group>"; };
		D951B6791AB014CA0068CBEA /* VideoEffectView.m */ = {isa = PBXFileReference; fileEncoding = 4; lastKnownFileType = sourcecode.c.objc; path = VideoEffectView.m; sourceTree = "<group>"; };
		D951B67A1AB014CA0068CBEA /* VideoEffectView.xib */ = {isa = PBXFileReference; fileEncoding = 4; lastKnownFileType = file.xib; path = VideoEffectView.xib; sourceTree = "<group>"; };
		D9AAC2021AADBE440003053B /* FSK.app */ = {isa = PBXFileReference; explicitFileType = wrapper.application; includeInIndex = 0; path = FSK.app; sourceTree = BUILT_PRODUCTS_DIR; };
		D9AAC2061AADBE440003053B /* Info.plist */ = {isa = PBXFileReference; lastKnownFileType = text.plist.xml; path = Info.plist; sourceTree = "<group>"; };
		D9AAC2071AADBE440003053B /* AppDelegate.swift */ = {isa = PBXFileReference; lastKnownFileType = sourcecode.swift; path = AppDelegate.swift; sourceTree = "<group>"; };
		D9AAC2091AADBE440003053B /* ViewController.swift */ = {isa = PBXFileReference; lastKnownFileType = sourcecode.swift; path = ViewController.swift; sourceTree = "<group>"; };
		D9AAC20C1AADBE440003053B /* Base */ = {isa = PBXFileReference; lastKnownFileType = file.storyboard; name = Base; path = Base.lproj/Main.storyboard; sourceTree = "<group>"; };
		D9AAC20E1AADBE440003053B /* Images.xcassets */ = {isa = PBXFileReference; lastKnownFileType = folder.assetcatalog; path = Images.xcassets; sourceTree = "<group>"; };
		D9AAC2111AADBE440003053B /* Base */ = {isa = PBXFileReference; lastKnownFileType = file.xib; name = Base; path = Base.lproj/LaunchScreen.xib; sourceTree = "<group>"; };
		D9AAC2171AADBE440003053B /* FSKTests.xctest */ = {isa = PBXFileReference; explicitFileType = wrapper.cfbundle; includeInIndex = 0; path = FSKTests.xctest; sourceTree = BUILT_PRODUCTS_DIR; };
		D9AAC21C1AADBE440003053B /* Info.plist */ = {isa = PBXFileReference; lastKnownFileType = text.plist.xml; path = Info.plist; sourceTree = "<group>"; };
		D9AAC21D1AADBE440003053B /* FSKTests.swift */ = {isa = PBXFileReference; lastKnownFileType = sourcecode.swift; path = FSKTests.swift; sourceTree = "<group>"; };
		D9AAC2271AADC2570003053B /* Bridging_Header.h */ = {isa = PBXFileReference; lastKnownFileType = sourcecode.c.h; path = Bridging_Header.h; sourceTree = "<group>"; };
		D9AAC2281AAE9A8C0003053B /* ResourceParser.swift */ = {isa = PBXFileReference; fileEncoding = 4; lastKnownFileType = sourcecode.swift; path = ResourceParser.swift; sourceTree = "<group>"; };
		DBF127763075F314F1943D2A /* libPods-FSK.a */ = {isa = PBXFileReference; explicitFileType = archive.ar; includeInIndex = 0; path = "libPods-FSK.a"; sourceTree = BUILT_PRODUCTS_DIR; };
		DF6A44AECF11DF08F115E8CD /* Pods-FSK.release.xcconfig */ = {isa = PBXFileReference; includeInIndex = 1; lastKnownFileType = text.xcconfig; name = "Pods-FSK.release.xcconfig"; path = "Pods/Target Support Files/Pods-FSK/Pods-FSK.release.xcconfig"; sourceTree = "<group>"; };
/* End PBXFileReference section */

/* Begin PBXFrameworksBuildPhase section */
		D9AAC1FF1AADBE440003053B /* Frameworks */ = {
			isa = PBXFrameworksBuildPhase;
			buildActionMask = 2147483647;
			files = (
				D9190EF11AB057CB00EBAC9B /* AdSupport.framework in Frameworks */,
				D9190EEF1AB057C400EBAC9B /* CFNetwork.framework in Frameworks */,
				D900107E1AAEBEDB003D7C4B /* MediaPlayer.framework in Frameworks */,
				D9190EED1AB0577A00EBAC9B /* SystemConfiguration.framework in Frameworks */,
				D9190EEB1AB0576A00EBAC9B /* libsqlite3.dylib in Frameworks */,
				D951B64F1AAF0BC70068CBEA /* libz.dylib in Frameworks */,
				D951B5F81AAEE1450068CBEA /* AVFoundation.framework in Frameworks */,
				D9190EE91AB0574600EBAC9B /* CoreTelephony.framework in Frameworks */,
				D9190EE61AB0573800EBAC9B /* EventKit.framework in Frameworks */,
				D9190EE71AB0573800EBAC9B /* EventKitUI.framework in Frameworks */,
				D9190EE31AB0572D00EBAC9B /* MessageUI.framework in Frameworks */,
				D9190EE11AB0572400EBAC9B /* StoreKit.framework in Frameworks */,
				D951B64D1AAF0BBF0068CBEA /* libiconv.dylib in Frameworks */,
				D951B6911AB014CA0068CBEA /* trail.AVPTFramework.framework in Frameworks */,
				D951B5431AAED4CC0068CBEA /* Foundation.framework in Frameworks */,
				D951B6421AAF0ADF0068CBEA /* libssl.a in Frameworks */,
				D951B6411AAF0ADF0068CBEA /* libcrypto.a in Frameworks */,
				D951B68A1AB014CA0068CBEA /* libcrypto.a in Frameworks */,
				D951B6481AAF0AE00068CBEA /* trail.AVPTFramework.framework in Frameworks */,
				D951B68B1AB014CA0068CBEA /* libssl.a in Frameworks */,
				D951B5411AAED4C20068CBEA /* UIKit.framework in Frameworks */,
				D9190EDF1AB0570900EBAC9B /* GoogleMobileAds.framework in Frameworks */,
				FF21FB8DC5627477FFA08AD9 /* libPods-FSK.a in Frameworks */,
			);
			runOnlyForDeploymentPostprocessing = 0;
		};
		D9AAC2141AADBE440003053B /* Frameworks */ = {
			isa = PBXFrameworksBuildPhase;
			buildActionMask = 2147483647;
			files = (
			);
			runOnlyForDeploymentPostprocessing = 0;
		};
/* End PBXFrameworksBuildPhase section */

/* Begin PBXGroup section */
		4EE5D0539B9910B58B15455D /* Frameworks */ = {
			isa = PBXGroup;
			children = (
				D9190EF01AB057CB00EBAC9B /* AdSupport.framework */,
				D9190EEE1AB057C400EBAC9B /* CFNetwork.framework */,
				D9190EEC1AB0577A00EBAC9B /* SystemConfiguration.framework */,
				D9190EEA1AB0576A00EBAC9B /* libsqlite3.dylib */,
				D9190EE81AB0574600EBAC9B /* CoreTelephony.framework */,
				D9190EE41AB0573800EBAC9B /* EventKit.framework */,
				D9190EE51AB0573800EBAC9B /* EventKitUI.framework */,
				D9190EE21AB0572D00EBAC9B /* MessageUI.framework */,
				D9190EE01AB0572400EBAC9B /* StoreKit.framework */,
				D9190EDE1AB0570900EBAC9B /* GoogleMobileAds.framework */,
				D951B64E1AAF0BC70068CBEA /* libz.dylib */,
				D951B64C1AAF0BBF0068CBEA /* libiconv.dylib */,
				D951B6381AAF0ADF0068CBEA /* trail.AVPTFramework.framework */,
				D951B6301AAF0ADF0068CBEA /* libcrypto.a */,
				D951B6311AAF0ADF0068CBEA /* libssl.a */,
				D951B5F71AAEE1450068CBEA /* AVFoundation.framework */,
				D951B5421AAED4CC0068CBEA /* Foundation.framework */,
				D951B5401AAED4C20068CBEA /* UIKit.framework */,
				D900107D1AAEBEDB003D7C4B /* MediaPlayer.framework */,
				DBF127763075F314F1943D2A /* libPods-FSK.a */,
			);
			name = Frameworks;
			sourceTree = "<group>";
		};
		CD4FB98CF130E12698754CBF /* Pods */ = {
			isa = PBXGroup;
			children = (
				9E8A03037DC0D3CF784FA862 /* Pods-FSK.debug.xcconfig */,
				DF6A44AECF11DF08F115E8CD /* Pods-FSK.release.xcconfig */,
			);
			name = Pods;
			sourceTree = "<group>";
		};
		D951B6501AB00C650068CBEA /* Cell */ = {
			isa = PBXGroup;
			children = (
				D951B6511AB00C7A0068CBEA /* IndexCell.swift */,
				D9190EDC1AB0253300EBAC9B /* AuthorCell.swift */,
			);
			path = Cell;
			sourceTree = "<group>";
		};
		D951B6641AB014CA0068CBEA /* Library */ = {
			isa = PBXGroup;
			children = (
				D951B6651AB014CA0068CBEA /* VideoPlayer */,
			);
			path = Library;
			sourceTree = "<group>";
		};
		D951B6651AB014CA0068CBEA /* VideoPlayer */ = {
			isa = PBXGroup;
			children = (
				D951B6661AB014CA0068CBEA /* AdjustSpeedView.h */,
				D951B6671AB014CA0068CBEA /* AdjustSpeedView.m */,
				D951B6681AB014CA0068CBEA /* avplayer.bundle */,
				D951B6691AB014CA0068CBEA /* MovieInfosViewController.h */,
				D951B66A1AB014CA0068CBEA /* MovieInfosViewController.mm */,
				D951B66B1AB014CA0068CBEA /* openssl */,
				D951B66F1AB014CA0068CBEA /* PlaybackSpeedView.xib */,
				D951B6701AB014CA0068CBEA /* PlayerViewController.h */,
				D951B6711AB014CA0068CBEA /* PlayerViewController.m */,
				D951B6721AB014CA0068CBEA /* test.ass */,
				D951B6731AB014CA0068CBEA /* test.SMI */,
				D951B6741AB014CA0068CBEA /* test.srt */,
				D951B6751AB014CA0068CBEA /* trail.AVPTFramework.framework */,
				D951B6761AB014CA0068CBEA /* UIAlertView+Blocks.h */,
				D951B6771AB014CA0068CBEA /* UIAlertView+Blocks.m */,
				D951B6781AB014CA0068CBEA /* VideoEffectView.h */,
				D951B6791AB014CA0068CBEA /* VideoEffectView.m */,
				D951B67A1AB014CA0068CBEA /* VideoEffectView.xib */,
			);
			path = VideoPlayer;
			sourceTree = "<group>";
		};
		D951B66B1AB014CA0068CBEA /* openssl */ = {
			isa = PBXGroup;
			children = (
				D951B66C1AB014CA0068CBEA /* lib */,
			);
			path = openssl;
			sourceTree = "<group>";
		};
		D951B66C1AB014CA0068CBEA /* lib */ = {
			isa = PBXGroup;
			children = (
				D951B66D1AB014CA0068CBEA /* libcrypto.a */,
				D951B66E1AB014CA0068CBEA /* libssl.a */,
			);
			path = lib;
			sourceTree = "<group>";
		};
		D9AAC1F91AADBE440003053B = {
			isa = PBXGroup;
			children = (
				D9AAC2041AADBE440003053B /* FSK */,
				D9AAC21A1AADBE440003053B /* FSKTests */,
				D9AAC2031AADBE440003053B /* Products */,
				CD4FB98CF130E12698754CBF /* Pods */,
				4EE5D0539B9910B58B15455D /* Frameworks */,
			);
			sourceTree = "<group>";
		};
		D9AAC2031AADBE440003053B /* Products */ = {
			isa = PBXGroup;
			children = (
				D9AAC2021AADBE440003053B /* FSK.app */,
				D9AAC2171AADBE440003053B /* FSKTests.xctest */,
			);
			name = Products;
			sourceTree = "<group>";
		};
		D9AAC2041AADBE440003053B /* FSK */ = {
			isa = PBXGroup;
			children = (
				D951B6641AB014CA0068CBEA /* Library */,
				D951B6501AB00C650068CBEA /* Cell */,
				D9AAC2071AADBE440003053B /* AppDelegate.swift */,
				D9190EDA1AB024B700EBAC9B /* IndexTableController.swift */,
				D9AAC2091AADBE440003053B /* ViewController.swift */,
				D9AAC2281AAE9A8C0003053B /* ResourceParser.swift */,
				D9AAC20B1AADBE440003053B /* Main.storyboard */,
				D9AAC20E1AADBE440003053B /* Images.xcassets */,
				D9AAC2101AADBE440003053B /* LaunchScreen.xib */,
				D9AAC2051AADBE440003053B /* Supporting Files */,
			);
			path = FSK;
			sourceTree = "<group>";
		};
		D9AAC2051AADBE440003053B /* Supporting Files */ = {
			isa = PBXGroup;
			children = (
				D951B6351AAF0ADF0068CBEA /* test.ass */,
				D951B6361AAF0ADF0068CBEA /* test.SMI */,
				D951B6371AAF0ADF0068CBEA /* test.srt */,
				D951B62B1AAF0ADF0068CBEA /* avplayer.bundle */,
				D9AAC2061AADBE440003053B /* Info.plist */,
				D9AAC2271AADC2570003053B /* Bridging_Header.h */,
			);
			name = "Supporting Files";
			sourceTree = "<group>";
		};
		D9AAC21A1AADBE440003053B /* FSKTests */ = {
			isa = PBXGroup;
			children = (
				D9AAC21D1AADBE440003053B /* FSKTests.swift */,
				D9AAC21B1AADBE440003053B /* Supporting Files */,
			);
			path = FSKTests;
			sourceTree = "<group>";
		};
		D9AAC21B1AADBE440003053B /* Supporting Files */ = {
			isa = PBXGroup;
			children = (
				D9AAC21C1AADBE440003053B /* Info.plist */,
			);
			name = "Supporting Files";
			sourceTree = "<group>";
		};
/* End PBXGroup section */

/* Begin PBXNativeTarget section */
		D9AAC2011AADBE440003053B /* FSK */ = {
			isa = PBXNativeTarget;
			buildConfigurationList = D9AAC2211AADBE440003053B /* Build configuration list for PBXNativeTarget "FSK" */;
			buildPhases = (
				7EAF76D6DF0691D331FE0E93 /* Check Pods Manifest.lock */,
				D9AAC1FE1AADBE440003053B /* Sources */,
				D9AAC1FF1AADBE440003053B /* Frameworks */,
				D9AAC2001AADBE440003053B /* Resources */,
				B1480A31D23D75D2381D56EB /* Copy Pods Resources */,
			);
			buildRules = (
			);
			dependencies = (
			);
			name = FSK;
			productName = FSK;
			productReference = D9AAC2021AADBE440003053B /* FSK.app */;
			productType = "com.apple.product-type.application";
		};
		D9AAC2161AADBE440003053B /* FSKTests */ = {
			isa = PBXNativeTarget;
			buildConfigurationList = D9AAC2241AADBE440003053B /* Build configuration list for PBXNativeTarget "FSKTests" */;
			buildPhases = (
				D9AAC2131AADBE440003053B /* Sources */,
				D9AAC2141AADBE440003053B /* Frameworks */,
				D9AAC2151AADBE440003053B /* Resources */,
			);
			buildRules = (
			);
			dependencies = (
				D9AAC2191AADBE440003053B /* PBXTargetDependency */,
			);
			name = FSKTests;
			productName = FSKTests;
			productReference = D9AAC2171AADBE440003053B /* FSKTests.xctest */;
			productType = "com.apple.product-type.bundle.unit-test";
		};
/* End PBXNativeTarget section */

/* Begin PBXProject section */
		D9AAC1FA1AADBE440003053B /* Project object */ = {
			isa = PBXProject;
			attributes = {
				LastUpgradeCheck = 0610;
				ORGANIZATIONNAME = "黄伟华";
				TargetAttributes = {
					D9AAC2011AADBE440003053B = {
						CreatedOnToolsVersion = 6.1.1;
						DevelopmentTeam = GW7ZRB8ABG;
					};
					D9AAC2161AADBE440003053B = {
						CreatedOnToolsVersion = 6.1.1;
						TestTargetID = D9AAC2011AADBE440003053B;
					};
				};
			};
			buildConfigurationList = D9AAC1FD1AADBE440003053B /* Build configuration list for PBXProject "FSK" */;
			compatibilityVersion = "Xcode 3.2";
			developmentRegion = English;
			hasScannedForEncodings = 0;
			knownRegions = (
				en,
				Base,
			);
			mainGroup = D9AAC1F91AADBE440003053B;
			productRefGroup = D9AAC2031AADBE440003053B /* Products */;
			projectDirPath = "";
			projectRoot = "";
			targets = (
				D9AAC2011AADBE440003053B /* FSK */,
				D9AAC2161AADBE440003053B /* FSKTests */,
			);
		};
/* End PBXProject section */

/* Begin PBXResourcesBuildPhase section */
		D9AAC2001AADBE440003053B /* Resources */ = {
			isa = PBXResourcesBuildPhase;
			buildActionMask = 2147483647;
			files = (
				D9AAC20D1AADBE440003053B /* Main.storyboard in Resources */,
				D951B6461AAF0AE00068CBEA /* test.SMI in Resources */,
				D951B68C1AB014CA0068CBEA /* PlaybackSpeedView.xib in Resources */,
				D951B68F1AB014CA0068CBEA /* test.SMI in Resources */,
				D951B6451AAF0AE00068CBEA /* test.ass in Resources */,
				D951B6881AB014CA0068CBEA /* avplayer.bundle in Resources */,
				D951B6941AB014CA0068CBEA /* VideoEffectView.xib in Resources */,
				D951B68E1AB014CA0068CBEA /* test.ass in Resources */,
				D9AAC2121AADBE440003053B /* LaunchScreen.xib in Resources */,
				D9AAC20F1AADBE440003053B /* Images.xcassets in Resources */,
				D951B63F1AAF0ADF0068CBEA /* avplayer.bundle in Resources */,
				D951B6471AAF0AE00068CBEA /* test.srt in Resources */,
				D951B6901AB014CA0068CBEA /* test.srt in Resources */,
			);
			runOnlyForDeploymentPostprocessing = 0;
		};
		D9AAC2151AADBE440003053B /* Resources */ = {
			isa = PBXResourcesBuildPhase;
			buildActionMask = 2147483647;
			files = (
			);
			runOnlyForDeploymentPostprocessing = 0;
		};
/* End PBXResourcesBuildPhase section */

/* Begin PBXShellScriptBuildPhase section */
		7EAF76D6DF0691D331FE0E93 /* Check Pods Manifest.lock */ = {
			isa = PBXShellScriptBuildPhase;
			buildActionMask = 2147483647;
			files = (
			);
			inputPaths = (
			);
			name = "Check Pods Manifest.lock";
			outputPaths = (
			);
			runOnlyForDeploymentPostprocessing = 0;
			shellPath = /bin/sh;
			shellScript = "diff \"${PODS_ROOT}/../Podfile.lock\" \"${PODS_ROOT}/Manifest.lock\" > /dev/null\nif [[ $? != 0 ]] ; then\n    cat << EOM\nerror: The sandbox is not in sync with the Podfile.lock. Run 'pod install' or update your CocoaPods installation.\nEOM\n    exit 1\nfi\n";
			showEnvVarsInLog = 0;
		};
		B1480A31D23D75D2381D56EB /* Copy Pods Resources */ = {
			isa = PBXShellScriptBuildPhase;
			buildActionMask = 2147483647;
			files = (
			);
			inputPaths = (
			);
			name = "Copy Pods Resources";
			outputPaths = (
			);
			runOnlyForDeploymentPostprocessing = 0;
			shellPath = /bin/sh;
			shellScript = "\"${SRCROOT}/Pods/Target Support Files/Pods-FSK/Pods-FSK-resources.sh\"\n";
			showEnvVarsInLog = 0;
		};
/* End PBXShellScriptBuildPhase section */

/* Begin PBXSourcesBuildPhase section */
		D9AAC1FE1AADBE440003053B /* Sources */ = {
			isa = PBXSourcesBuildPhase;
			buildActionMask = 2147483647;
			files = (
				D951B68D1AB014CA0068CBEA /* PlayerViewController.m in Sources */,
				D951B6921AB014CA0068CBEA /* UIAlertView+Blocks.m in Sources */,
				D9AAC2291AAE9A8C0003053B /* ResourceParser.swift in Sources */,
				D9190EDB1AB024B700EBAC9B /* IndexTableController.swift in Sources */,
				D9AAC20A1AADBE440003053B /* ViewController.swift in Sources */,
				D951B6521AB00C7A0068CBEA /* IndexCell.swift in Sources */,
				D9AAC2081AADBE440003053B /* AppDelegate.swift in Sources */,
				D9190EDD1AB0253300EBAC9B /* AuthorCell.swift in Sources */,
				D951B6931AB014CA0068CBEA /* VideoEffectView.m in Sources */,
				D951B6871AB014CA0068CBEA /* AdjustSpeedView.m in Sources */,
				D951B6891AB014CA0068CBEA /* MovieInfosViewController.mm in Sources */,
			);
			runOnlyForDeploymentPostprocessing = 0;
		};
		D9AAC2131AADBE440003053B /* Sources */ = {
			isa = PBXSourcesBuildPhase;
			buildActionMask = 2147483647;
			files = (
				D9AAC21E1AADBE440003053B /* FSKTests.swift in Sources */,
			);
			runOnlyForDeploymentPostprocessing = 0;
		};
/* End PBXSourcesBuildPhase section */

/* Begin PBXTargetDependency section */
		D9AAC2191AADBE440003053B /* PBXTargetDependency */ = {
			isa = PBXTargetDependency;
			target = D9AAC2011AADBE440003053B /* FSK */;
			targetProxy = D9AAC2181AADBE440003053B /* PBXContainerItemProxy */;
		};
/* End PBXTargetDependency section */

/* Begin PBXVariantGroup section */
		D9AAC20B1AADBE440003053B /* Main.storyboard */ = {
			isa = PBXVariantGroup;
			children = (
				D9AAC20C1AADBE440003053B /* Base */,
			);
			name = Main.storyboard;
			sourceTree = "<group>";
		};
		D9AAC2101AADBE440003053B /* LaunchScreen.xib */ = {
			isa = PBXVariantGroup;
			children = (
				D9AAC2111AADBE440003053B /* Base */,
			);
			name = LaunchScreen.xib;
			sourceTree = "<group>";
		};
/* End PBXVariantGroup section */

/* Begin XCBuildConfiguration section */
		D9AAC21F1AADBE440003053B /* Debug */ = {
			isa = XCBuildConfiguration;
			buildSettings = {
				ALWAYS_SEARCH_USER_PATHS = NO;
				CLANG_CXX_LANGUAGE_STANDARD = "gnu++0x";
				CLANG_CXX_LIBRARY = "libc++";
				CLANG_ENABLE_MODULES = YES;
				CLANG_ENABLE_OBJC_ARC = YES;
				CLANG_WARN_BOOL_CONVERSION = YES;
				CLANG_WARN_CONSTANT_CONVERSION = YES;
				CLANG_WARN_DIRECT_OBJC_ISA_USAGE = YES_ERROR;
				CLANG_WARN_EMPTY_BODY = YES;
				CLANG_WARN_ENUM_CONVERSION = YES;
				CLANG_WARN_INT_CONVERSION = YES;
				CLANG_WARN_OBJC_ROOT_CLASS = YES_ERROR;
				CLANG_WARN_UNREACHABLE_CODE = YES;
				CLANG_WARN__DUPLICATE_METHOD_MATCH = YES;
				"CODE_SIGN_IDENTITY[sdk=iphoneos*]" = "iPhone Developer";
				COPY_PHASE_STRIP = NO;
				ENABLE_STRICT_OBJC_MSGSEND = YES;
				GCC_C_LANGUAGE_STANDARD = gnu99;
				GCC_DYNAMIC_NO_PIC = NO;
				GCC_OPTIMIZATION_LEVEL = 0;
				GCC_PREPROCESSOR_DEFINITIONS = (
					"DEBUG=1",
					"$(inherited)",
				);
				GCC_SYMBOLS_PRIVATE_EXTERN = NO;
				GCC_WARN_64_TO_32_BIT_CONVERSION = YES;
				GCC_WARN_ABOUT_RETURN_TYPE = YES_ERROR;
				GCC_WARN_UNDECLARED_SELECTOR = YES;
				GCC_WARN_UNINITIALIZED_AUTOS = YES_AGGRESSIVE;
				GCC_WARN_UNUSED_FUNCTION = YES;
				GCC_WARN_UNUSED_VARIABLE = YES;
				IPHONEOS_DEPLOYMENT_TARGET = 8.1;
				MTL_ENABLE_DEBUG_INFO = YES;
				ONLY_ACTIVE_ARCH = YES;
				SDKROOT = iphoneos;
				SWIFT_OPTIMIZATION_LEVEL = "-Onone";
			};
			name = Debug;
		};
		D9AAC2201AADBE440003053B /* Release */ = {
			isa = XCBuildConfiguration;
			buildSettings = {
				ALWAYS_SEARCH_USER_PATHS = NO;
				CLANG_CXX_LANGUAGE_STANDARD = "gnu++0x";
				CLANG_CXX_LIBRARY = "libc++";
				CLANG_ENABLE_MODULES = YES;
				CLANG_ENABLE_OBJC_ARC = YES;
				CLANG_WARN_BOOL_CONVERSION = YES;
				CLANG_WARN_CONSTANT_CONVERSION = YES;
				CLANG_WARN_DIRECT_OBJC_ISA_USAGE = YES_ERROR;
				CLANG_WARN_EMPTY_BODY = YES;
				CLANG_WARN_ENUM_CONVERSION = YES;
				CLANG_WARN_INT_CONVERSION = YES;
				CLANG_WARN_OBJC_ROOT_CLASS = YES_ERROR;
				CLANG_WARN_UNREACHABLE_CODE = YES;
				CLANG_WARN__DUPLICATE_METHOD_MATCH = YES;
				"CODE_SIGN_IDENTITY[sdk=iphoneos*]" = "iPhone Developer";
				COPY_PHASE_STRIP = YES;
				ENABLE_NS_ASSERTIONS = NO;
				ENABLE_STRICT_OBJC_MSGSEND = YES;
				GCC_C_LANGUAGE_STANDARD = gnu99;
				GCC_WARN_64_TO_32_BIT_CONVERSION = YES;
				GCC_WARN_ABOUT_RETURN_TYPE = YES_ERROR;
				GCC_WARN_UNDECLARED_SELECTOR = YES;
				GCC_WARN_UNINITIALIZED_AUTOS = YES_AGGRESSIVE;
				GCC_WARN_UNUSED_FUNCTION = YES;
				GCC_WARN_UNUSED_VARIABLE = YES;
				IPHONEOS_DEPLOYMENT_TARGET = 8.1;
				MTL_ENABLE_DEBUG_INFO = NO;
				SDKROOT = iphoneos;
				VALIDATE_PRODUCT = YES;
			};
			name = Release;
		};
		D9AAC2221AADBE440003053B /* Debug */ = {
			isa = XCBuildConfiguration;
			baseConfigurationReference = 9E8A03037DC0D3CF784FA862 /* Pods-FSK.debug.xcconfig */;
			buildSettings = {
				ASSETCATALOG_COMPILER_APPICON_NAME = AppIcon;
				ASSETCATALOG_COMPILER_LAUNCHIMAGE_NAME = LaunchImage;
				CODE_SIGN_IDENTITY = "iOS Development: Huang weihua (6NW9W28GDZ)";
				FRAMEWORK_SEARCH_PATHS = (
					"$(inherited)",
					"$(PROJECT_DIR)/FSK/Library/VideoPlayer",
					"$(PROJECT_DIR)/FSK/Library",
				);
				GCC_PRECOMPILE_PREFIX_HEADER = NO;
				GCC_PREFIX_HEADER = "";
				INFOPLIST_FILE = FSK/Info.plist;
				IPHONEOS_DEPLOYMENT_TARGET = 7.0;
				LD_RUNPATH_SEARCH_PATHS = "$(inherited) @executable_path/Frameworks";
				LIBRARY_SEARCH_PATHS = (
					"$(inherited)",
					"$(PROJECT_DIR)/FSK/Library/VideoPlayer/openssl/lib",
				);
				PRODUCT_NAME = FSK;
				PROVISIONING_PROFILE = "";
				SWIFT_OBJC_BRIDGING_HEADER = FSK/Bridging_Header.h;
			};
			name = Debug;
		};
		D9AAC2231AADBE440003053B /* Release */ = {
			isa = XCBuildConfiguration;
			baseConfigurationReference = DF6A44AECF11DF08F115E8CD /* Pods-FSK.release.xcconfig */;
			buildSettings = {
				ASSETCATALOG_COMPILER_APPICON_NAME = AppIcon;
				ASSETCATALOG_COMPILER_LAUNCHIMAGE_NAME = LaunchImage;
				CODE_SIGN_IDENTITY = "iPhone Distribution: Jiabin Li (GW7ZRB8ABG)";
				"CODE_SIGN_IDENTITY[sdk=iphoneos*]" = "iPhone Distribution: Jiabin Li (GW7ZRB8ABG)";
				FRAMEWORK_SEARCH_PATHS = (
					"$(inherited)",
					"$(PROJECT_DIR)/FSK/Library/VideoPlayer",
					"$(PROJECT_DIR)/FSK/Library",
				);
				GCC_PRECOMPILE_PREFIX_HEADER = NO;
				GCC_PREFIX_HEADER = "";
				INFOPLIST_FILE = FSK/Info.plist;
				IPHONEOS_DEPLOYMENT_TARGET = 7.0;
				LD_RUNPATH_SEARCH_PATHS = "$(inherited) @executable_path/Frameworks";
				LIBRARY_SEARCH_PATHS = (
					"$(inherited)",
					"$(PROJECT_DIR)/FSK/Library/VideoPlayer/openssl/lib",
				);
				PRODUCT_NAME = FSK;
				PROVISIONING_PROFILE = "";
				SWIFT_OBJC_BRIDGING_HEADER = FSK/Bridging_Header.h;
			};
			name = Release;
		};
		D9AAC2251AADBE440003053B /* Debug */ = {
			isa = XCBuildConfiguration;
			buildSettings = {
				BUNDLE_LOADER = "$(TEST_HOST)";
				FRAMEWORK_SEARCH_PATHS = (
					"$(SDKROOT)/Developer/Library/Frameworks",
					"$(inherited)",
				);
				GCC_PREPROCESSOR_DEFINITIONS = (
					"DEBUG=1",
					"$(inherited)",
				);
				INFOPLIST_FILE = FSKTests/Info.plist;
				LD_RUNPATH_SEARCH_PATHS = "$(inherited) @executable_path/Frameworks @loader_path/Frameworks";
				PRODUCT_NAME = FSKTests;
				TEST_HOST = "$(BUILT_PRODUCTS_DIR)/FSK.app/FSK";
			};
			name = Debug;
		};
		D9AAC2261AADBE440003053B /* Release */ = {
			isa = XCBuildConfiguration;
			buildSettings = {
				BUNDLE_LOADER = "$(TEST_HOST)";
				FRAMEWORK_SEARCH_PATHS = (
					"$(SDKROOT)/Developer/Library/Frameworks",
					"$(inherited)",
				);
				INFOPLIST_FILE = FSKTests/Info.plist;
				LD_RUNPATH_SEARCH_PATHS = "$(inherited) @executable_path/Frameworks @loader_path/Frameworks";
				PRODUCT_NAME = FSKTests;
				TEST_HOST = "$(BUILT_PRODUCTS_DIR)/FSK.app/FSK";
			};
			name = Release;
		};
/* End XCBuildConfiguration section */

/* Begin XCConfigurationList section */
		D9AAC1FD1AADBE440003053B /* Build configuration list for PBXProject "FSK" */ = {
			isa = XCConfigurationList;
			buildConfigurations = (
				D9AAC21F1AADBE440003053B /* Debug */,
				D9AAC2201AADBE440003053B /* Release */,
			);
			defaultConfigurationIsVisible = 0;
			defaultConfigurationName = Release;
		};
		D9AAC2211AADBE440003053B /* Build configuration list for PBXNativeTarget "FSK" */ = {
			isa = XCConfigurationList;
			buildConfigurations = (
				D9AAC2221AADBE440003053B /* Debug */,
				D9AAC2231AADBE440003053B /* Release */,
			);
			defaultConfigurationIsVisible = 0;
			defaultConfigurationName = Release;
		};
		D9AAC2241AADBE440003053B /* Build configuration list for PBXNativeTarget "FSKTests" */ = {
			isa = XCConfigurationList;
			buildConfigurations = (
				D9AAC2251AADBE440003053B /* Debug */,
				D9AAC2261AADBE440003053B /* Release */,
			);
			defaultConfigurationIsVisible = 0;
			defaultConfigurationName = Release;
		};
/* End XCConfigurationList section */
	};
	rootObject = D9AAC1FA1AADBE440003053B /* Project object */;
}
